<?xml version="1.0" encoding="utf-8"?>
<Project ToolsVersion="4.0" xmlns="http://schemas.microsoft.com/developer/msbuild/2003">
  <ItemGroup>
    <Filter Include="Source Files">
      <UniqueIdentifier>{4FC737F1-C7A5-4376-A066-2A32D752A2FF}</UniqueIdentifier>
      <Extensions>cpp;c;cc;cxx;c++;cppm;ixx;def;odl;idl;hpj;bat;asm;asmx</Extensions>
    </Filter>
    <Filter Include="Header Files">
      <UniqueIdentifier>{93995380-89BD-4b04-88EB-625FBE52EBFB}</UniqueIdentifier>
      <Extensions>h;hh;hpp;hxx;h++;hm;inl;inc;ipp;xsd</Extensions>
    </Filter>
    <Filter Include="Resource Files">
      <UniqueIdentifier>{67DA6AB6-F800-4c08-8B7A-83BB121AAD01}</UniqueIdentifier>
      <Extensions>rc;ico;cur;bmp;dlg;rc2;rct;bin;rgs;gif;jpg;jpeg;jpe;resx;tiff;tif;png;wav;mfcribbon-ms</Extensions>
    </Filter>
  </ItemGroup>
  <ItemGroup>
    <ClInclude Include="models\User.h">
      <Filter>Header Files</Filter>
    </ClInclude>
    <ClInclude Include="managers\UserManager.h">
      <Filter>Header Files</Filter>
    </ClInclude>
    <ClInclude Include="models\Transport.h">
      <Filter>Header Files</Filter>
    </ClInclude>
    <ClInclude Include="Forms\FormCityGuide.h">
      <Filter>Header Files</Filter>
    </ClInclude>
    <ClInclude Include="Forms\FormHelp.h">
      <Filter>Header Files</Filter>
    </ClInclude>
    <ClInclude Include="Forms\Login\FormLogin.h">
      <Filter>Header Files</Filter>
    </ClInclude>
    <ClInclude Include="Forms\UserManagement\FormUserAddOrEdit.h">
      <Filter>Header Files</Filter>
    </ClInclude>
    <ClInclude Include="Forms\UserManagement\FormUserManager.h">
      <Filter>Header Files</Filter>
    </ClInclude>
    <ClInclude Include="managers\TransportManager.h">
      <Filter>Header Files</Filter>
    </ClInclude>
    <ClInclude Include="Forms\TransportManagement\FormTransport.h">
      <Filter>Header Files</Filter>
    </ClInclude>
    <ClInclude Include="Forms\TransportManagement\FormTransportAddOrEdit.h">
      <Filter>Header Files</Filter>
    </ClInclude>
    <ClInclude Include="Forms\DistrictsManagement\FormDistrict.h">
      <Filter>Header Files</Filter>
    </ClInclude>
    <ClInclude Include="Forms\DistrictsManagement\FormDistrictAddOrEdit.h">
      <Filter>Header Files</Filter>
    </ClInclude>
    <ClInclude Include="managers\DistrictManager.h">
      <Filter>Header Files</Filter>
    </ClInclude>
    <ClInclude Include="managers\InstitutionManager.h">
      <Filter>Header Files</Filter>
    </ClInclude>
    <ClInclude Include="models\Institutions\Institution.h">
      <Filter>Header Files</Filter>
    </ClInclude>
    <ClInclude Include="Forms\InstitutionsManagement\FormInstitution.h">
      <Filter>Header Files</Filter>
    </ClInclude>
    <ClInclude Include="Forms\InstitutionsManagement\FormInstitutionAddOrEdit.h">
      <Filter>Header Files</Filter>
    </ClInclude>
    <ClInclude Include="models\Institutions\Museum.h">
      <Filter>Header Files</Filter>
    </ClInclude>
    <ClInclude Include="models\Institutions\Airport.h">
      <Filter>Header Files</Filter>
    </ClInclude>
    <ClInclude Include="models\Institutions\Hospital.h">
      <Filter>Header Files</Filter>
    </ClInclude>
    <ClInclude Include="models\Institutions\Library.h">
      <Filter>Header Files</Filter>
    </ClInclude>
    <ClInclude Include="models\Institutions\Lighthouse.h">
      <Filter>Header Files</Filter>
    </ClInclude>
    <ClInclude Include="models\Institutions\Mall.h">
      <Filter>Header Files</Filter>
    </ClInclude>
    <ClInclude Include="models\Institutions\Restaurant.h">
      <Filter>Header Files</Filter>
    </ClInclude>
    <ClInclude Include="models\Institutions\School.h">
      <Filter>Header Files</Filter>
    </ClInclude>
    <ClInclude Include="models\Institutions\Theatre.h">
      <Filter>Header Files</Filter>
    </ClInclude>
    <ClInclude Include="models\Institutions\Wharf.h">
      <Filter>Header Files</Filter>
    </ClInclude>
    <ClInclude Include="Forms\FindAddress\FormFindAddress.h">
      <Filter>Header Files</Filter>
    </ClInclude>
  </ItemGroup>
  <ItemGroup>
    <None Include="packages.config" />
    <None Include="transports.json" />
    <None Include="districts.json" />
    <None Include="institutions.json" />
  </ItemGroup>
  <ItemGroup>
    <CopyFileToFolders Include="users.txt" />
  </ItemGroup>
  <ItemGroup>
    <ClCompile Include="Program.cpp">
      <Filter>Source Files</Filter>
    </ClCompile>
  </ItemGroup>
  <ItemGroup>
    <Text Include="helpData.txt" />
  </ItemGroup>
</Project>